
Microsoft Visual Studio Solution File, Format Version 12.00
# Blend for Visual Studio Version 16
VisualStudioVersion = 16.0.32126.315
MinimumVisualStudioVersion = 10.0.40219.1
Project("{9A19103F-16F7-4668-BE54-9A1E7A4F7556}") = "Simple Animation", "Simple Animation\Simple Animation.csproj", "{AB587521-15C4-4077-BA23-C037E8EA8590}"
EndProject
Global
	GlobalSection(SolutionConfigurationPlatforms) = preSolution
		Debug|Any CPU = Debug|Any CPU
		Release|Any CPU = Release|Any CPU
	EndGlobalSection
	GlobalSection(ProjectConfigurationPlatforms) = postSolution
		{AB587521-15C4-4077-BA23-C037E8EA8590}.Debug|Any CPU.ActiveCfg = Debug|Any CPU
		{AB587521-15C4-4077-BA23-C037E8EA8590}.Debug|Any CPU.Build.0 = Debug|Any CPU
		{AB587521-15C4-4077-BA23-C037E8EA8590}.Release|Any CPU.ActiveCfg = Release|Any CPU
		{AB587521-15C4-4077-BA23-C037E8EA8590}.Release|Any CPU.Build.0 = Release|Any CPU
	EndGlobalSection
	GlobalSection(SolutionProperties) = preSolution
		HideSolutionNode = FALSE
	EndGlobalSection
	GlobalSection(ExtensibilityGlobals) = postSolution
		SolutionGuid = {72A049BA-D71F-480F-AA9C-A9AC3F116D95}
	EndGlobalSection
EndGlobal
